// !$*UTF8*$!
{
	archiveVersion = 1;
	classes = {
	};
	objectVersion = 48;
	objects = {

/* Begin PBXBuildFile section */
		3B2150321FB1345A00D14685 /* ScoresTableViewController.swift in Sources */ = {isa = PBXBuildFile; fileRef = 3B2150311FB1345A00D14685 /* ScoresTableViewController.swift */; };
		3B23BE201FCCEB010050AC88 /* LocationFinder.swift in Sources */ = {isa = PBXBuildFile; fileRef = 3B23BE1F1FCCEB010050AC88 /* LocationFinder.swift */; };
		3B4E8A571FBA644A008C006E /* Gym.swift in Sources */ = {isa = PBXBuildFile; fileRef = 3B4E8A561FBA644A008C006E /* Gym.swift */; };
		3B4E8A591FBA6514008C006E /* GymFinder.swift in Sources */ = {isa = PBXBuildFile; fileRef = 3B4E8A581FBA6514008C006E /* GymFinder.swift */; };
		3B4E8A5B1FBA6DE6008C006E /* GymsTableViewController.swift in Sources */ = {isa = PBXBuildFile; fileRef = 3B4E8A5A1FBA6DE6008C006E /* GymsTableViewController.swift */; };
		3BAF6AAA1FC3B5E60059218C /* FoursquareStructs.swift in Sources */ = {isa = PBXBuildFile; fileRef = 3BAF6AA91FC3B5E60059218C /* FoursquareStructs.swift */; };
		3BBC25821F95807900EE90DD /* AppDelegate.swift in Sources */ = {isa = PBXBuildFile; fileRef = 3BBC25811F95807900EE90DD /* AppDelegate.swift */; };
		3BBC25841F95807900EE90DD /* MenuViewController.swift in Sources */ = {isa = PBXBuildFile; fileRef = 3BBC25831F95807900EE90DD /* MenuViewController.swift */; };
		3BBC25871F95807900EE90DD /* Main.storyboard in Resources */ = {isa = PBXBuildFile; fileRef = 3BBC25851F95807900EE90DD /* Main.storyboard */; };
		3BBC25891F95807900EE90DD /* Assets.xcassets in Resources */ = {isa = PBXBuildFile; fileRef = 3BBC25881F95807900EE90DD /* Assets.xcassets */; };
		3BBC258C1F95807900EE90DD /* LaunchScreen.storyboard in Resources */ = {isa = PBXBuildFile; fileRef = 3BBC258A1F95807900EE90DD /* LaunchScreen.storyboard */; };
		3BBDA3AE1FA7DE5F0007624B /* PushUpViewController.swift in Sources */ = {isa = PBXBuildFile; fileRef = 3BBDA3AD1FA7DE5F0007624B /* PushUpViewController.swift */; };
		3BBDA3B01FA7E4350007624B /* Workout.swift in Sources */ = {isa = PBXBuildFile; fileRef = 3BBDA3AF1FA7E4350007624B /* Workout.swift */; };
		3BBDA3B61FA7E71F0007624B /* Persistance.swift in Sources */ = {isa = PBXBuildFile; fileRef = 3BBDA3B51FA7E71F0007624B /* Persistance.swift */; };
		3BD1E8FF1FBA79A6002401EB /* GymTableViewCell.swift in Sources */ = {isa = PBXBuildFile; fileRef = 3BD1E8FE1FBA79A6002401EB /* GymTableViewCell.swift */; };
		3BD1E9011FBA7CD9002401EB /* UIImageViewExtension.swift in Sources */ = {isa = PBXBuildFile; fileRef = 3BD1E9001FBA7CD9002401EB /* UIImageViewExtension.swift */; };
		5E82A153375DCDE8FBAF38BC /* Pods_pushuptracker.framework in Frameworks */ = {isa = PBXBuildFile; fileRef = 800B51B4C7BE078168A15FDE /* Pods_pushuptracker.framework */; };
/* End PBXBuildFile section */

/* Begin PBXFileReference section */
		3045F53BF7690358C194A8AE /* Pods-pushuptracker.release.xcconfig */ = {isa = PBXFileReference; includeInIndex = 1; lastKnownFileType = text.xcconfig; name = "Pods-pushuptracker.release.xcconfig"; path = "Pods/Target Support Files/Pods-pushuptracker/Pods-pushuptracker.release.xcconfig"; sourceTree = "<group>"; };
		3B2150311FB1345A00D14685 /* ScoresTableViewController.swift */ = {isa = PBXFileReference; lastKnownFileType = sourcecode.swift; path = ScoresTableViewController.swift; sourceTree = "<group>"; };
		3B23BE1F1FCCEB010050AC88 /* LocationFinder.swift */ = {isa = PBXFileReference; lastKnownFileType = sourcecode.swift; path = LocationFinder.swift; sourceTree = "<group>"; };
		3B4E8A561FBA644A008C006E /* Gym.swift */ = {isa = PBXFileReference; lastKnownFileType = sourcecode.swift; path = Gym.swift; sourceTree = "<group>"; };
		3B4E8A581FBA6514008C006E /* GymFinder.swift */ = {isa = PBXFileReference; lastKnownFileType = sourcecode.swift; path = GymFinder.swift; sourceTree = "<group>"; };
		3B4E8A5A1FBA6DE6008C006E /* GymsTableViewController.swift */ = {isa = PBXFileReference; lastKnownFileType = sourcecode.swift; path = GymsTableViewController.swift; sourceTree = "<group>"; };
		3BAF6AA91FC3B5E60059218C /* FoursquareStructs.swift */ = {isa = PBXFileReference; lastKnownFileType = sourcecode.swift; path = FoursquareStructs.swift; sourceTree = "<group>"; };
		3BBC257E1F95807900EE90DD /* pushuptracker.app */ = {isa = PBXFileReference; explicitFileType = wrapper.application; includeInIndex = 0; path = pushuptracker.app; sourceTree = BUILT_PRODUCTS_DIR; };
		3BBC25811F95807900EE90DD /* AppDelegate.swift */ = {isa = PBXFileReference; lastKnownFileType = sourcecode.swift; path = AppDelegate.swift; sourceTree = "<group>"; };
		3BBC25831F95807900EE90DD /* MenuViewController.swift */ = {isa = PBXFileReference; lastKnownFileType = sourcecode.swift; path = MenuViewController.swift; sourceTree = "<group>"; };
		3BBC25861F95807900EE90DD /* Base */ = {isa = PBXFileReference; lastKnownFileType = file.storyboard; name = Base; path = Base.lproj/Main.storyboard; sourceTree = "<group>"; };
		3BBC25881F95807900EE90DD /* Assets.xcassets */ = {isa = PBXFileReference; lastKnownFileType = folder.assetcatalog; path = Assets.xcassets; sourceTree = "<group>"; };
		3BBC258B1F95807900EE90DD /* Base */ = {isa = PBXFileReference; lastKnownFileType = file.storyboard; name = Base; path = Base.lproj/LaunchScreen.storyboard; sourceTree = "<group>"; };
		3BBC258D1F95807900EE90DD /* Info.plist */ = {isa = PBXFileReference; lastKnownFileType = text.plist.xml; path = Info.plist; sourceTree = "<group>"; };
		3BBDA3AD1FA7DE5F0007624B /* PushUpViewController.swift */ = {isa = PBXFileReference; lastKnownFileType = sourcecode.swift; path = PushUpViewController.swift; sourceTree = "<group>"; };
		3BBDA3AF1FA7E4350007624B /* Workout.swift */ = {isa = PBXFileReference; lastKnownFileType = sourcecode.swift; path = Workout.swift; sourceTree = "<group>"; };
		3BBDA3B51FA7E71F0007624B /* Persistance.swift */ = {isa = PBXFileReference; lastKnownFileType = sourcecode.swift; path = Persistance.swift; sourceTree = "<group>"; };
		3BD1E8FE1FBA79A6002401EB /* GymTableViewCell.swift */ = {isa = PBXFileReference; lastKnownFileType = sourcecode.swift; path = GymTableViewCell.swift; sourceTree = "<group>"; };
		3BD1E9001FBA7CD9002401EB /* UIImageViewExtension.swift */ = {isa = PBXFileReference; lastKnownFileType = sourcecode.swift; path = UIImageViewExtension.swift; sourceTree = "<group>"; };
		800B51B4C7BE078168A15FDE /* Pods_pushuptracker.framework */ = {isa = PBXFileReference; explicitFileType = wrapper.framework; includeInIndex = 0; path = Pods_pushuptracker.framework; sourceTree = BUILT_PRODUCTS_DIR; };
		B3F8A96E3D329830E2D735F9 /* Pods-pushuptracker.debug.xcconfig */ = {isa = PBXFileReference; includeInIndex = 1; lastKnownFileType = text.xcconfig; name = "Pods-pushuptracker.debug.xcconfig"; path = "Pods/Target Support Files/Pods-pushuptracker/Pods-pushuptracker.debug.xcconfig"; sourceTree = "<group>"; };
/* End PBXFileReference section */

/* Begin PBXFrameworksBuildPhase section */
		3BBC257B1F95807900EE90DD /* Frameworks */ = {
			isa = PBXFrameworksBuildPhase;
			buildActionMask = 2147483647;
			files = (
				5E82A153375DCDE8FBAF38BC /* Pods_pushuptracker.framework in Frameworks */,
			);
			runOnlyForDeploymentPostprocessing = 0;
		};
/* End PBXFrameworksBuildPhase section */

/* Begin PBXGroup section */
		16C35435BAACE293D8F8DC31 /* Frameworks */ = {
			isa = PBXGroup;
			children = (
				800B51B4C7BE078168A15FDE /* Pods_pushuptracker.framework */,
			);
			name = Frameworks;
			sourceTree = "<group>";
		};
		3BAF6AA81FC3B5C60059218C /* codable */ = {
			isa = PBXGroup;
			children = (
				3BAF6AA91FC3B5E60059218C /* FoursquareStructs.swift */,
			);
			path = codable;
			sourceTree = "<group>";
		};
		3BBC25751F95807900EE90DD = {
			isa = PBXGroup;
			children = (
				3BBC25801F95807900EE90DD /* pushuptracker */,
				3BBC257F1F95807900EE90DD /* Products */,
				861A41825A411EBFD9869FCD /* Pods */,
				16C35435BAACE293D8F8DC31 /* Frameworks */,
			);
			sourceTree = "<group>";
		};
		3BBC257F1F95807900EE90DD /* Products */ = {
			isa = PBXGroup;
			children = (
				3BBC257E1F95807900EE90DD /* pushuptracker.app */,
			);
			name = Products;
			sourceTree = "<group>";
		};
		3BBC25801F95807900EE90DD /* pushuptracker */ = {
			isa = PBXGroup;
			children = (
				3BBC25811F95807900EE90DD /* AppDelegate.swift */,
				3BBC258D1F95807900EE90DD /* Info.plist */,
				3BBDA3B41FA7E6FE0007624B /* utils */,
				3BBDA3B31FA7E6DF0007624B /* models */,
				3BBDA3B21FA7E6A70007624B /* views */,
				3BBDA3B11FA7E67B0007624B /* view controllers */,
			);
			path = pushuptracker;
			sourceTree = "<group>";
		};
		3BBDA3B11FA7E67B0007624B /* view controllers */ = {
			isa = PBXGroup;
			children = (
				3BBC25831F95807900EE90DD /* MenuViewController.swift */,
				3BBDA3AD1FA7DE5F0007624B /* PushUpViewController.swift */,
				3B2150311FB1345A00D14685 /* ScoresTableViewController.swift */,
				3B4E8A5A1FBA6DE6008C006E /* GymsTableViewController.swift */,
			);
			path = "view controllers";
			sourceTree = "<group>";
		};
		3BBDA3B21FA7E6A70007624B /* views */ = {
			isa = PBXGroup;
			children = (
				3BBC258A1F95807900EE90DD /* LaunchScreen.storyboard */,
				3BBC25851F95807900EE90DD /* Main.storyboard */,
				3BBC25881F95807900EE90DD /* Assets.xcassets */,
				3BD1E8FE1FBA79A6002401EB /* GymTableViewCell.swift */,
			);
			path = views;
			sourceTree = "<group>";
		};
		3BBDA3B31FA7E6DF0007624B /* models */ = {
			isa = PBXGroup;
			children = (
				3BAF6AA81FC3B5C60059218C /* codable */,
				3BBDA3AF1FA7E4350007624B /* Workout.swift */,
				3B4E8A561FBA644A008C006E /* Gym.swift */,
			);
			path = models;
			sourceTree = "<group>";
		};
		3BBDA3B41FA7E6FE0007624B /* utils */ = {
			isa = PBXGroup;
			children = (
				3BBDA3B51FA7E71F0007624B /* Persistance.swift */,
				3B4E8A581FBA6514008C006E /* GymFinder.swift */,
				3BD1E9001FBA7CD9002401EB /* UIImageViewExtension.swift */,
				3B23BE1F1FCCEB010050AC88 /* LocationFinder.swift */,
			);
			path = utils;
			sourceTree = "<group>";
		};
		861A41825A411EBFD9869FCD /* Pods */ = {
			isa = PBXGroup;
			children = (
				B3F8A96E3D329830E2D735F9 /* Pods-pushuptracker.debug.xcconfig */,
				3045F53BF7690358C194A8AE /* Pods-pushuptracker.release.xcconfig */,
			);
			name = Pods;
			sourceTree = "<group>";
		};
/* End PBXGroup section */

/* Begin PBXNativeTarget section */
		3BBC257D1F95807900EE90DD /* pushuptracker */ = {
			isa = PBXNativeTarget;
			buildConfigurationList = 3BBC25901F95807900EE90DD /* Build configuration list for PBXNativeTarget "pushuptracker" */;
			buildPhases = (
				2ACB34AA69938F269DBA8FA8 /* [CP] Check Pods Manifest.lock */,
				3BBC257A1F95807900EE90DD /* Sources */,
				3BBC257B1F95807900EE90DD /* Frameworks */,
				3BBC257C1F95807900EE90DD /* Resources */,
				AD2E8F06CC6FB75ED5526D3E /* [CP] Embed Pods Frameworks */,
				FDFFFA1234AF28DD8F409008 /* [CP] Copy Pods Resources */,
			);
			buildRules = (
			);
			dependencies = (
			);
			name = pushuptracker;
			productName = pushuptracker;
			productReference = 3BBC257E1F95807900EE90DD /* pushuptracker.app */;
			productType = "com.apple.product-type.application";
		};
/* End PBXNativeTarget section */

/* Begin PBXProject section */
		3BBC25761F95807900EE90DD /* Project object */ = {
			isa = PBXProject;
			attributes = {
				LastSwiftUpdateCheck = 0900;
				LastUpgradeCheck = 0900;
				ORGANIZATIONNAME = gwu;
				TargetAttributes = {
					3BBC257D1F95807900EE90DD = {
						CreatedOnToolsVersion = 9.0;
						ProvisioningStyle = Automatic;
					};
				};
			};
			buildConfigurationList = 3BBC25791F95807900EE90DD /* Build configuration list for PBXProject "pushuptracker" */;
			compatibilityVersion = "Xcode 8.0";
			developmentRegion = en;
			hasScannedForEncodings = 0;
			knownRegions = (
				en,
				Base,
			);
			mainGroup = 3BBC25751F95807900EE90DD;
			productRefGroup = 3BBC257F1F95807900EE90DD /* Products */;
			projectDirPath = "";
			projectRoot = "";
			targets = (
				3BBC257D1F95807900EE90DD /* pushuptracker */,
			);
		};
/* End PBXProject section */

/* Begin PBXResourcesBuildPhase section */
		3BBC257C1F95807900EE90DD /* Resources */ = {
			isa = PBXResourcesBuildPhase;
			buildActionMask = 2147483647;
			files = (
				3BBC258C1F95807900EE90DD /* LaunchScreen.storyboard in Resources */,
				3BBC25891F95807900EE90DD /* Assets.xcassets in Resources */,
				3BBC25871F95807900EE90DD /* Main.storyboard in Resources */,
			);
			runOnlyForDeploymentPostprocessing = 0;
		};
/* End PBXResourcesBuildPhase section */

/* Begin PBXShellScriptBuildPhase section */
		2ACB34AA69938F269DBA8FA8 /* [CP] Check Pods Manifest.lock */ = {
			isa = PBXShellScriptBuildPhase;
			buildActionMask = 2147483647;
			files = (
			);
			inputPaths = (
				"${PODS_PODFILE_DIR_PATH}/Podfile.lock",
				"${PODS_ROOT}/Manifest.lock",
			);
			name = "[CP] Check Pods Manifest.lock";
			outputPaths = (
				"$(DERIVED_FILE_DIR)/Pods-pushuptracker-checkManifestLockResult.txt",
			);
			runOnlyForDeploymentPostprocessing = 0;
			shellPath = /bin/sh;
			shellScript = "diff \"${PODS_PODFILE_DIR_PATH}/Podfile.lock\" \"${PODS_ROOT}/Manifest.lock\" > /dev/null\nif [ $? != 0 ] ; then\n    # print error to STDERR\n    echo \"error: The sandbox is not in sync with the Podfile.lock. Run 'pod install' or update your CocoaPods installation.\" >&2\n    exit 1\nfi\n# This output is used by Xcode 'outputs' to avoid re-running this script phase.\necho \"SUCCESS\" > \"${SCRIPT_OUTPUT_FILE_0}\"\n";
			showEnvVarsInLog = 0;
		};
		AD2E8F06CC6FB75ED5526D3E /* [CP] Embed Pods Frameworks */ = {
			isa = PBXShellScriptBuildPhase;
			buildActionMask = 2147483647;
			files = (
			);
			inputPaths = (
				"${SRCROOT}/Pods/Target Support Files/Pods-pushuptracker/Pods-pushuptracker-frameworks.sh",
				"${BUILT_PRODUCTS_DIR}/MBProgressHUD/MBProgressHUD.framework",
			);
			name = "[CP] Embed Pods Frameworks";
			outputPaths = (
				"${TARGET_BUILD_DIR}/${FRAMEWORKS_FOLDER_PATH}/MBProgressHUD.framework",
			);
			runOnlyForDeploymentPostprocessing = 0;
			shellPath = /bin/sh;
			shellScript = "\"${SRCROOT}/Pods/Target Support Files/Pods-pushuptracker/Pods-pushuptracker-frameworks.sh\"\n";
			showEnvVarsInLog = 0;
		};
		FDFFFA1234AF28DD8F409008 /* [CP] Copy Pods Resources */ = {
			isa = PBXShellScriptBuildPhase;
			buildActionMask = 2147483647;
			files = (
			);
			inputPaths = (
			);
			name = "[CP] Copy Pods Resources";
			outputPaths = (
			);
			runOnlyForDeploymentPostprocessing = 0;
			shellPath = /bin/sh;
			shellScript = "\"${SRCROOT}/Pods/Target Support Files/Pods-pushuptracker/Pods-pushuptracker-resources.sh\"\n";
			showEnvVarsInLog = 0;
		};
/* End PBXShellScriptBuildPhase section */

/* Begin PBXSourcesBuildPhase section */
		3BBC257A1F95807900EE90DD /* Sources */ = {
			isa = PBXSourcesBuildPhase;
			buildActionMask = 2147483647;
			files = (
				3BBC25841F95807900EE90DD /* MenuViewController.swift in Sources */,
				3BBC25821F95807900EE90DD /* AppDelegate.swift in Sources */,
				3B2150321FB1345A00D14685 /* ScoresTableViewController.swift in Sources */,
				3BAF6AAA1FC3B5E60059218C /* FoursquareStructs.swift in Sources */,
				3BBDA3AE1FA7DE5F0007624B /* PushUpViewController.swift in Sources */,
				3B4E8A5B1FBA6DE6008C006E /* GymsTableViewController.swift in Sources */,
				3B4E8A571FBA644A008C006E /* Gym.swift in Sources */,
				3BD1E9011FBA7CD9002401EB /* UIImageViewExtension.swift in Sources */,
				3BBDA3B61FA7E71F0007624B /* Persistance.swift in Sources */,
				3B23BE201FCCEB010050AC88 /* LocationFinder.swift in Sources */,
				3BD1E8FF1FBA79A6002401EB /* GymTableViewCell.swift in Sources */,
				3BBDA3B01FA7E4350007624B /* Workout.swift in Sources */,
				3B4E8A591FBA6514008C006E /* GymFinder.swift in Sources */,
			);
			runOnlyForDeploymentPostprocessing = 0;
		};
/* End PBXSourcesBuildPhase section */

/* Begin PBXVariantGroup section */
		3BBC25851F95807900EE90DD /* Main.storyboard */ = {
			isa = PBXVariantGroup;
			children = (
				3BBC25861F95807900EE90DD /* Base */,
			);
			name = Main.storyboard;
			sourceTree = "<group>";
		};
		3BBC258A1F95807900EE90DD /* LaunchScreen.storyboard */ = {
			isa = PBXVariantGroup;
			children = (
				3BBC258B1F95807900EE90DD /* Base */,
			);
			name = LaunchScreen.storyboard;
			sourceTree = "<group>";
		};
/* End PBXVariantGroup section */

/* Begin XCBuildConfiguration section */
		3BBC258E1F95807900EE90DD /* Debug */ = {
			isa = XCBuildConfiguration;
			buildSettings = {
				ALWAYS_SEARCH_USER_PATHS = NO;
				CLANG_ANALYZER_NONNULL = YES;
				CLANG_ANALYZER_NUMBER_OBJECT_CONVERSION = YES_AGGRESSIVE;
				CLANG_CXX_LANGUAGE_STANDARD = "gnu++14";
				CLANG_CXX_LIBRARY = "libc++";
				CLANG_ENABLE_MODULES = YES;
				CLANG_ENABLE_OBJC_ARC = YES;
				CLANG_WARN_BLOCK_CAPTURE_AUTORELEASING = YES;
				CLANG_WARN_BOOL_CONVERSION = YES;
				CLANG_WARN_COMMA = YES;
				CLANG_WARN_CONSTANT_CONVERSION = YES;
				CLANG_WARN_DIRECT_OBJC_ISA_USAGE = YES_ERROR;
				CLANG_WARN_DOCUMENTATION_COMMENTS = YES;
				CLANG_WARN_EMPTY_BODY = YES;
				CLANG_WARN_ENUM_CONVERSION = YES;
				CLANG_WARN_INFINITE_RECURSION = YES;
				CLANG_WARN_INT_CONVERSION = YES;
				CLANG_WARN_NON_LITERAL_NULL_CONVERSION = YES;
				CLANG_WARN_OBJC_LITERAL_CONVERSION = YES;
				CLANG_WARN_OBJC_ROOT_CLASS = YES_ERROR;
				CLANG_WARN_RANGE_LOOP_ANALYSIS = YES;
				CLANG_WARN_STRICT_PROTOTYPES = YES;
				CLANG_WARN_SUSPICIOUS_MOVE = YES;
				CLANG_WARN_UNGUARDED_AVAILABILITY = YES_AGGRESSIVE;
				CLANG_WARN_UNREACHABLE_CODE = YES;
				CLANG_WARN__DUPLICATE_METHOD_MATCH = YES;
				CODE_SIGN_IDENTITY = "iPhone Developer";
				COPY_PHASE_STRIP = NO;
				DEBUG_INFORMATION_FORMAT = dwarf;
				ENABLE_STRICT_OBJC_MSGSEND = YES;
				ENABLE_TESTABILITY = YES;
				GCC_C_LANGUAGE_STANDARD = gnu11;
				GCC_DYNAMIC_NO_PIC = NO;
				GCC_NO_COMMON_BLOCKS = YES;
				GCC_OPTIMIZATION_LEVEL = 0;
				GCC_PREPROCESSOR_DEFINITIONS = (
					"DEBUG=1",
					"$(inherited)",
				);
				GCC_WARN_64_TO_32_BIT_CONVERSION = YES;
				GCC_WARN_ABOUT_RETURN_TYPE = YES_ERROR;
				GCC_WARN_UNDECLARED_SELECTOR = YES;
				GCC_WARN_UNINITIALIZED_AUTOS = YES_AGGRESSIVE;
				GCC_WARN_UNUSED_FUNCTION = YES;
				GCC_WARN_UNUSED_VARIABLE = YES;
				IPHONEOS_DEPLOYMENT_TARGET = 11.0;
				MTL_ENABLE_DEBUG_INFO = YES;
				ONLY_ACTIVE_ARCH = YES;
				SDKROOT = iphoneos;
				SWIFT_ACTIVE_COMPILATION_CONDITIONS = DEBUG;
				SWIFT_OPTIMIZATION_LEVEL = "-Onone";
			};
			name = Debug;
		};
		3BBC258F1F95807900EE90DD /* Release */ = {
			isa = XCBuildConfiguration;
			buildSettings = {
				ALWAYS_SEARCH_USER_PATHS = NO;
				CLANG_ANALYZER_NONNULL = YES;
				CLANG_ANALYZER_NUMBER_OBJECT_CONVERSION = YES_AGGRESSIVE;
				CLANG_CXX_LANGUAGE_STANDARD = "gnu++14";
				CLANG_CXX_LIBRARY = "libc++";
				CLANG_ENABLE_MODULES = YES;
				CLANG_ENABLE_OBJC_ARC = YES;
				CLANG_WARN_BLOCK_CAPTURE_AUTORELEASING = YES;
				CLANG_WARN_BOOL_CONVERSION = YES;
				CLANG_WARN_COMMA = YES;
				CLANG_WARN_CONSTANT_CONVERSION = YES;
				CLANG_WARN_DIRECT_OBJC_ISA_USAGE = YES_ERROR;
				CLANG_WARN_DOCUMENTATION_COMMENTS = YES;
				CLANG_WARN_EMPTY_BODY = YES;
				CLANG_WARN_ENUM_CONVERSION = YES;
				CLANG_WARN_INFINITE_RECURSION = YES;
				CLANG_WARN_INT_CONVERSION = YES;
				CLANG_WARN_NON_LITERAL_NULL_CONVERSION = YES;
				CLANG_WARN_OBJC_LITERAL_CONVERSION = YES;
				CLANG_WARN_OBJC_ROOT_CLASS = YES_ERROR;
				CLANG_WARN_RANGE_LOOP_ANALYSIS = YES;
				CLANG_WARN_STRICT_PROTOTYPES = YES;
				CLANG_WARN_SUSPICIOUS_MOVE = YES;
				CLANG_WARN_UNGUARDED_AVAILABILITY = YES_AGGRESSIVE;
				CLANG_WARN_UNREACHABLE_CODE = YES;
				CLANG_WARN__DUPLICATE_METHOD_MATCH = YES;
				CODE_SIGN_IDENTITY = "iPhone Developer";
				COPY_PHASE_STRIP = NO;
				DEBUG_INFORMATION_FORMAT = "dwarf-with-dsym";
				ENABLE_NS_ASSERTIONS = NO;
				ENABLE_STRICT_OBJC_MSGSEND = YES;
				GCC_C_LANGUAGE_STANDARD = gnu11;
				GCC_NO_COMMON_BLOCKS = YES;
				GCC_WARN_64_TO_32_BIT_CONVERSION = YES;
				GCC_WARN_ABOUT_RETURN_TYPE = YES_ERROR;
				GCC_WARN_UNDECLARED_SELECTOR = YES;
				GCC_WARN_UNINITIALIZED_AUTOS = YES_AGGRESSIVE;
				GCC_WARN_UNUSED_FUNCTION = YES;
				GCC_WARN_UNUSED_VARIABLE = YES;
				IPHONEOS_DEPLOYMENT_TARGET = 11.0;
				MTL_ENABLE_DEBUG_INFO = NO;
				SDKROOT = iphoneos;
				SWIFT_OPTIMIZATION_LEVEL = "-Owholemodule";
				VALIDATE_PRODUCT = YES;
			};
			name = Release;
		};
		3BBC25911F95807900EE90DD /* Debug */ = {
			isa = XCBuildConfiguration;
			baseConfigurationReference = B3F8A96E3D329830E2D735F9 /* Pods-pushuptracker.debug.xcconfig */;
			buildSettings = {
				ASSETCATALOG_COMPILER_APPICON_NAME = AppIcon;
				CODE_SIGN_STYLE = Automatic;
				INFOPLIST_FILE = pushuptracker/Info.plist;
				LD_RUNPATH_SEARCH_PATHS = "$(inherited) @executable_path/Frameworks";
				PRODUCT_BUNDLE_IDENTIFIER = edu.gwu.pushuptracker;
				PRODUCT_NAME = "$(TARGET_NAME)";
				SWIFT_VERSION = 4.0;
				TARGETED_DEVICE_FAMILY = "1,2";
			};
			name = Debug;
		};
		3BBC25921F95807900EE90DD /* Release */ = {
			isa = XCBuildConfiguration;
			baseConfigurationReference = 3045F53BF7690358C194A8AE /* Pods-pushuptracker.release.xcconfig */;
			buildSettings = {
				ASSETCATALOG_COMPILER_APPICON_NAME = AppIcon;
				CODE_SIGN_STYLE = Automatic;
				INFOPLIST_FILE = pushuptracker/Info.plist;
				LD_RUNPATH_SEARCH_PATHS = "$(inherited) @executable_path/Frameworks";
				PRODUCT_BUNDLE_IDENTIFIER = edu.gwu.pushuptracker;
				PRODUCT_NAME = "$(TARGET_NAME)";
				SWIFT_VERSION = 4.0;
				TARGETED_DEVICE_FAMILY = "1,2";
			};
			name = Release;
		};
/* End XCBuildConfiguration section */

/* Begin XCConfigurationList section */
		3BBC25791F95807900EE90DD /* Build configuration list for PBXProject "pushuptracker" */ = {
			isa = XCConfigurationList;
			buildConfigurations = (
				3BBC258E1F95807900EE90DD /* Debug */,
				3BBC258F1F95807900EE90DD /* Release */,
			);
			defaultConfigurationIsVisible = 0;
			defaultConfigurationName = Release;
		};
		3BBC25901F95807900EE90DD /* Build configuration list for PBXNativeTarget "pushuptracker" */ = {
			isa = XCConfigurationList;
			buildConfigurations = (
				3BBC25911F95807900EE90DD /* Debug */,
				3BBC25921F95807900EE90DD /* Release */,
			);
			defaultConfigurationIsVisible = 0;
			defaultConfigurationName = Release;
		};
/* End XCConfigurationList section */
	};
	rootObject = 3BBC25761F95807900EE90DD /* Project object */;
}
